
Microsoft Visual Studio Solution File, Format Version 12.00
Project("{FAE04EC0-301F-11D3-BF4B-00C04F79EFBC}") = "up221", "up221\up221.csproj", "{DC99BA29-67FC-4845-A831-EEDD111519DE}"
EndProject
Global
	GlobalSection(SolutionConfigurationPlatforms) = preSolution
		Debug|Any CPU = Debug|Any CPU
		Release|Any CPU = Release|Any CPU
	EndGlobalSection
	GlobalSection(ProjectConfigurationPlatforms) = postSolution
		{DC99BA29-67FC-4845-A831-EEDD111519DE}.Debug|Any CPU.ActiveCfg = Debug|Any CPU
		{DC99BA29-67FC-4845-A831-EEDD111519DE}.Debug|Any CPU.Build.0 = Debug|Any CPU
		{DC99BA29-67FC-4845-A831-EEDD111519DE}.Release|Any CPU.ActiveCfg = Release|Any CPU
		{DC99BA29-67FC-4845-A831-EEDD111519DE}.Release|Any CPU.Build.0 = Release|Any CPU
	EndGlobalSection
EndGlobal
