
Microsoft Visual Studio Solution File, Format Version 12.00
Project("{FAE04EC0-301F-11D3-BF4B-00C04F79EFBC}") = "up224", "up224\up224.csproj", "{724318A7-FE1F-4A8F-8206-35B1C43CA1AD}"
EndProject
Global
	GlobalSection(SolutionConfigurationPlatforms) = preSolution
		Debug|Any CPU = Debug|Any CPU
		Release|Any CPU = Release|Any CPU
	EndGlobalSection
	GlobalSection(ProjectConfigurationPlatforms) = postSolution
		{724318A7-FE1F-4A8F-8206-35B1C43CA1AD}.Debug|Any CPU.ActiveCfg = Debug|Any CPU
		{724318A7-FE1F-4A8F-8206-35B1C43CA1AD}.Debug|Any CPU.Build.0 = Debug|Any CPU
		{724318A7-FE1F-4A8F-8206-35B1C43CA1AD}.Release|Any CPU.ActiveCfg = Release|Any CPU
		{724318A7-FE1F-4A8F-8206-35B1C43CA1AD}.Release|Any CPU.Build.0 = Release|Any CPU
	EndGlobalSection
EndGlobal
