
Microsoft Visual Studio Solution File, Format Version 12.00
Project("{FAE04EC0-301F-11D3-BF4B-00C04F79EFBC}") = "up25", "up25\up25.csproj", "{5724F5F8-E926-4241-A81E-395122F48810}"
EndProject
Global
	GlobalSection(SolutionConfigurationPlatforms) = preSolution
		Debug|Any CPU = Debug|Any CPU
		Release|Any CPU = Release|Any CPU
	EndGlobalSection
	GlobalSection(ProjectConfigurationPlatforms) = postSolution
		{5724F5F8-E926-4241-A81E-395122F48810}.Debug|Any CPU.ActiveCfg = Debug|Any CPU
		{5724F5F8-E926-4241-A81E-395122F48810}.Debug|Any CPU.Build.0 = Debug|Any CPU
		{5724F5F8-E926-4241-A81E-395122F48810}.Release|Any CPU.ActiveCfg = Release|Any CPU
		{5724F5F8-E926-4241-A81E-395122F48810}.Release|Any CPU.Build.0 = Release|Any CPU
	EndGlobalSection
EndGlobal
