
Microsoft Visual Studio Solution File, Format Version 12.00
Project("{FAE04EC0-301F-11D3-BF4B-00C04F79EFBC}") = "up231", "up231\up231.csproj", "{15DB4D91-A2E7-426E-9D3A-1782E61A6B55}"
EndProject
Global
	GlobalSection(SolutionConfigurationPlatforms) = preSolution
		Debug|Any CPU = Debug|Any CPU
		Release|Any CPU = Release|Any CPU
	EndGlobalSection
	GlobalSection(ProjectConfigurationPlatforms) = postSolution
		{15DB4D91-A2E7-426E-9D3A-1782E61A6B55}.Debug|Any CPU.ActiveCfg = Debug|Any CPU
		{15DB4D91-A2E7-426E-9D3A-1782E61A6B55}.Debug|Any CPU.Build.0 = Debug|Any CPU
		{15DB4D91-A2E7-426E-9D3A-1782E61A6B55}.Release|Any CPU.ActiveCfg = Release|Any CPU
		{15DB4D91-A2E7-426E-9D3A-1782E61A6B55}.Release|Any CPU.Build.0 = Release|Any CPU
	EndGlobalSection
EndGlobal
